// !$*UTF8*$!
{
	archiveVersion = 1;
	classes = {
	};
	objectVersion = 50;
	objects = {

/* Begin PBXBuildFile section */
		04625939D3BEA6AC56968EEF /* Pods_Capes.framework in Frameworks */ = {isa = PBXBuildFile; fileRef = 22D964DF5B5B84943C306192 /* Pods_Capes.framework */; };
		E8A05D0E22F023DA00B19C3D /* CapesController.swift in Sources */ = {isa = PBXBuildFile; fileRef = E8A05D0D22F023DA00B19C3D /* CapesController.swift */; };
		E8B0295722F36EB1003AC0F8 /* HostWorspaceApplicationViewController.swift in Sources */ = {isa = PBXBuildFile; fileRef = E8B0295622F36EB1003AC0F8 /* HostWorspaceApplicationViewController.swift */; };
		E8B0295922F38CC4003AC0F8 /* Space.swift in Sources */ = {isa = PBXBuildFile; fileRef = E8B0295822F38CC4003AC0F8 /* Space.swift */; };
		E8B0295B22F4A276003AC0F8 /* Assets.xcassets in Resources */ = {isa = PBXBuildFile; fileRef = E8B0295A22F4A276003AC0F8 /* Assets.xcassets */; };
		E8EBE58722EF5D4800B59FD3 /* AppDelegate.swift in Sources */ = {isa = PBXBuildFile; fileRef = E8EBE58622EF5D4800B59FD3 /* AppDelegate.swift */; };
		E8EBE58C22EF5D4800B59FD3 /* Main.storyboard in Resources */ = {isa = PBXBuildFile; fileRef = E8EBE58A22EF5D4800B59FD3 /* Main.storyboard */; };
		E8EBE59122EF5D4A00B59FD3 /* LaunchScreen.storyboard in Resources */ = {isa = PBXBuildFile; fileRef = E8EBE58F22EF5D4A00B59FD3 /* LaunchScreen.storyboard */; };
		E8EBE59922EF5E1F00B59FD3 /* CapesViewController.swift in Sources */ = {isa = PBXBuildFile; fileRef = E8EBE59822EF5E1F00B59FD3 /* CapesViewController.swift */; };
		E8EBE5BE22EF8DCD00B59FD3 /* SignUpLogInViewController.swift in Sources */ = {isa = PBXBuildFile; fileRef = E8EBE5BD22EF8DCD00B59FD3 /* SignUpLogInViewController.swift */; };
		E8EBE5C122EF907300B59FD3 /* SignUpViewController.swift in Sources */ = {isa = PBXBuildFile; fileRef = E8EBE5C022EF907300B59FD3 /* SignUpViewController.swift */; };
		E8EBE5C422EF94BF00B59FD3 /* LogInViewController.swift in Sources */ = {isa = PBXBuildFile; fileRef = E8EBE5C322EF94BF00B59FD3 /* LogInViewController.swift */; };
		E8F2640D22F0B8600074C4C3 /* GoogleService-Info.plist in Resources */ = {isa = PBXBuildFile; fileRef = E8F2640C22F0B8600074C4C3 /* GoogleService-Info.plist */; };
		E8F2640F22F0BC8C0074C4C3 /* WorkspaceTableViewCell.swift in Sources */ = {isa = PBXBuildFile; fileRef = E8F2640E22F0BC8C0074C4C3 /* WorkspaceTableViewCell.swift */; };
		E8F2641122F0CFEE0074C4C3 /* WorkSpace.swift in Sources */ = {isa = PBXBuildFile; fileRef = E8F2641022F0CFED0074C4C3 /* WorkSpace.swift */; };
		E8F2641422F0E3F10074C4C3 /* FireStoreReferenceManager.swift in Sources */ = {isa = PBXBuildFile; fileRef = E8F2641322F0E3F10074C4C3 /* FireStoreReferenceManager.swift */; };
		E8F2641722F149180074C4C3 /* User.swift in Sources */ = {isa = PBXBuildFile; fileRef = E8F2641622F149180074C4C3 /* User.swift */; };
		E8F2641922F163140074C4C3 /* WorkSpacesTableViewController.swift in Sources */ = {isa = PBXBuildFile; fileRef = E8F2641822F163140074C4C3 /* WorkSpacesTableViewController.swift */; };
		E8F2641B22F1F9AF0074C4C3 /* WorkSpaceDetailViewController.swift in Sources */ = {isa = PBXBuildFile; fileRef = E8F2641A22F1F9AF0074C4C3 /* WorkSpaceDetailViewController.swift */; };
		E8F2641D22F26ED10074C4C3 /* WorkSpaceAnnotation.swift in Sources */ = {isa = PBXBuildFile; fileRef = E8F2641C22F26ED10074C4C3 /* WorkSpaceAnnotation.swift */; };
		E8F2641F22F29F640074C4C3 /* ProfileViewController.swift in Sources */ = {isa = PBXBuildFile; fileRef = E8F2641E22F29F640074C4C3 /* ProfileViewController.swift */; };
		E8F2642122F34FBC0074C4C3 /* EditSettingsViewController.swift in Sources */ = {isa = PBXBuildFile; fileRef = E8F2642022F34FBC0074C4C3 /* EditSettingsViewController.swift */; };
/* End PBXBuildFile section */

/* Begin PBXFileReference section */
		22D964DF5B5B84943C306192 /* Pods_Capes.framework */ = {isa = PBXFileReference; explicitFileType = wrapper.framework; includeInIndex = 0; path = Pods_Capes.framework; sourceTree = BUILT_PRODUCTS_DIR; };
		79FCAFBBC01712076E9175AC /* Pods-Capes.release.xcconfig */ = {isa = PBXFileReference; includeInIndex = 1; lastKnownFileType = text.xcconfig; name = "Pods-Capes.release.xcconfig"; path = "Target Support Files/Pods-Capes/Pods-Capes.release.xcconfig"; sourceTree = "<group>"; };
		8B8FAA653E59AD299F9DBBFB /* Pods-Capes.debug.xcconfig */ = {isa = PBXFileReference; includeInIndex = 1; lastKnownFileType = text.xcconfig; name = "Pods-Capes.debug.xcconfig"; path = "Target Support Files/Pods-Capes/Pods-Capes.debug.xcconfig"; sourceTree = "<group>"; };
		E8A05D0D22F023DA00B19C3D /* CapesController.swift */ = {isa = PBXFileReference; lastKnownFileType = sourcecode.swift; path = CapesController.swift; sourceTree = "<group>"; };
		E8B0295622F36EB1003AC0F8 /* HostWorspaceApplicationViewController.swift */ = {isa = PBXFileReference; lastKnownFileType = sourcecode.swift; path = HostWorspaceApplicationViewController.swift; sourceTree = "<group>"; };
		E8B0295822F38CC4003AC0F8 /* Space.swift */ = {isa = PBXFileReference; lastKnownFileType = sourcecode.swift; path = Space.swift; sourceTree = "<group>"; };
		E8B0295A22F4A276003AC0F8 /* Assets.xcassets */ = {isa = PBXFileReference; lastKnownFileType = folder.assetcatalog; path = Assets.xcassets; sourceTree = "<group>"; };
		E8EBE58322EF5D4800B59FD3 /* Capes.app */ = {isa = PBXFileReference; explicitFileType = wrapper.application; includeInIndex = 0; path = Capes.app; sourceTree = BUILT_PRODUCTS_DIR; };
		E8EBE58622EF5D4800B59FD3 /* AppDelegate.swift */ = {isa = PBXFileReference; lastKnownFileType = sourcecode.swift; path = AppDelegate.swift; sourceTree = "<group>"; };
		E8EBE58B22EF5D4800B59FD3 /* Base */ = {isa = PBXFileReference; lastKnownFileType = file.storyboard; name = Base; path = Base.lproj/Main.storyboard; sourceTree = "<group>"; };
		E8EBE59022EF5D4A00B59FD3 /* Base */ = {isa = PBXFileReference; lastKnownFileType = file.storyboard; name = Base; path = Base.lproj/LaunchScreen.storyboard; sourceTree = "<group>"; };
		E8EBE59222EF5D4A00B59FD3 /* Info.plist */ = {isa = PBXFileReference; lastKnownFileType = text.plist.xml; path = Info.plist; sourceTree = "<group>"; };
		E8EBE59822EF5E1F00B59FD3 /* CapesViewController.swift */ = {isa = PBXFileReference; lastKnownFileType = sourcecode.swift; path = CapesViewController.swift; sourceTree = "<group>"; };
		E8EBE5BD22EF8DCD00B59FD3 /* SignUpLogInViewController.swift */ = {isa = PBXFileReference; lastKnownFileType = sourcecode.swift; path = SignUpLogInViewController.swift; sourceTree = "<group>"; };
		E8EBE5C022EF907300B59FD3 /* SignUpViewController.swift */ = {isa = PBXFileReference; lastKnownFileType = sourcecode.swift; path = SignUpViewController.swift; sourceTree = "<group>"; };
		E8EBE5C322EF94BF00B59FD3 /* LogInViewController.swift */ = {isa = PBXFileReference; lastKnownFileType = sourcecode.swift; path = LogInViewController.swift; sourceTree = "<group>"; };
		E8F2640C22F0B8600074C4C3 /* GoogleService-Info.plist */ = {isa = PBXFileReference; fileEncoding = 4; lastKnownFileType = text.plist.xml; path = "GoogleService-Info.plist"; sourceTree = "<group>"; };
		E8F2640E22F0BC8C0074C4C3 /* WorkspaceTableViewCell.swift */ = {isa = PBXFileReference; lastKnownFileType = sourcecode.swift; path = WorkspaceTableViewCell.swift; sourceTree = "<group>"; };
		E8F2641022F0CFED0074C4C3 /* WorkSpace.swift */ = {isa = PBXFileReference; lastKnownFileType = sourcecode.swift; path = WorkSpace.swift; sourceTree = "<group>"; };
		E8F2641322F0E3F10074C4C3 /* FireStoreReferenceManager.swift */ = {isa = PBXFileReference; lastKnownFileType = sourcecode.swift; path = FireStoreReferenceManager.swift; sourceTree = "<group>"; };
		E8F2641622F149180074C4C3 /* User.swift */ = {isa = PBXFileReference; lastKnownFileType = sourcecode.swift; path = User.swift; sourceTree = "<group>"; };
		E8F2641822F163140074C4C3 /* WorkSpacesTableViewController.swift */ = {isa = PBXFileReference; fileEncoding = 4; lastKnownFileType = sourcecode.swift; path = WorkSpacesTableViewController.swift; sourceTree = "<group>"; };
		E8F2641A22F1F9AF0074C4C3 /* WorkSpaceDetailViewController.swift */ = {isa = PBXFileReference; lastKnownFileType = sourcecode.swift; path = WorkSpaceDetailViewController.swift; sourceTree = "<group>"; };
		E8F2641C22F26ED10074C4C3 /* WorkSpaceAnnotation.swift */ = {isa = PBXFileReference; lastKnownFileType = sourcecode.swift; path = WorkSpaceAnnotation.swift; sourceTree = "<group>"; };
		E8F2641E22F29F640074C4C3 /* ProfileViewController.swift */ = {isa = PBXFileReference; lastKnownFileType = sourcecode.swift; path = ProfileViewController.swift; sourceTree = "<group>"; };
		E8F2642022F34FBC0074C4C3 /* EditSettingsViewController.swift */ = {isa = PBXFileReference; lastKnownFileType = sourcecode.swift; path = EditSettingsViewController.swift; sourceTree = "<group>"; };
/* End PBXFileReference section */

/* Begin PBXFrameworksBuildPhase section */
		E8EBE58022EF5D4800B59FD3 /* Frameworks */ = {
			isa = PBXFrameworksBuildPhase;
			buildActionMask = 2147483647;
			files = (
				04625939D3BEA6AC56968EEF /* Pods_Capes.framework in Frameworks */,
			);
			runOnlyForDeploymentPostprocessing = 0;
		};
/* End PBXFrameworksBuildPhase section */

/* Begin PBXGroup section */
		5E89499E17503558E80962DA /* Frameworks */ = {
			isa = PBXGroup;
			children = (
				22D964DF5B5B84943C306192 /* Pods_Capes.framework */,
			);
			name = Frameworks;
			sourceTree = "<group>";
		};
		938FD938295CF39AA20EACC4 /* Pods */ = {
			isa = PBXGroup;
			children = (
				8B8FAA653E59AD299F9DBBFB /* Pods-Capes.debug.xcconfig */,
				79FCAFBBC01712076E9175AC /* Pods-Capes.release.xcconfig */,
			);
			path = Pods;
			sourceTree = "<group>";
		};
		E8A05D0F22F023E500B19C3D /* Model Controller */ = {
			isa = PBXGroup;
			children = (
				E8A05D0D22F023DA00B19C3D /* CapesController.swift */,
				E8F2641322F0E3F10074C4C3 /* FireStoreReferenceManager.swift */,
			);
			path = "Model Controller";
			sourceTree = "<group>";
		};
		E8EBE57A22EF5D4800B59FD3 = {
			isa = PBXGroup;
			children = (
				E8EBE58522EF5D4800B59FD3 /* Capes */,
				E8EBE58422EF5D4800B59FD3 /* Products */,
				938FD938295CF39AA20EACC4 /* Pods */,
				5E89499E17503558E80962DA /* Frameworks */,
			);
			sourceTree = "<group>";
		};
		E8EBE58422EF5D4800B59FD3 /* Products */ = {
			isa = PBXGroup;
			children = (
				E8EBE58322EF5D4800B59FD3 /* Capes.app */,
			);
			name = Products;
			sourceTree = "<group>";
		};
		E8EBE58522EF5D4800B59FD3 /* Capes */ = {
			isa = PBXGroup;
			children = (
				E8EBE58622EF5D4800B59FD3 /* AppDelegate.swift */,
				E8F2641222F0D0230074C4C3 /* Models */,
				E8A05D0F22F023E500B19C3D /* Model Controller */,
				E8EBE5BC22EF8BED00B59FD3 /* View Controllers */,
				E8EBE5C222EF90BA00B59FD3 /* Resources */,
			);
			path = Capes;
			sourceTree = "<group>";
		};
		E8EBE5BC22EF8BED00B59FD3 /* View Controllers */ = {
			isa = PBXGroup;
			children = (
				E8EBE5BF22EF903700B59FD3 /* SignSignUp */,
				E8F2640B22F0B7780074C4C3 /* Nav View Controllers */,
			);
			path = "View Controllers";
			sourceTree = "<group>";
		};
		E8EBE5BF22EF903700B59FD3 /* SignSignUp */ = {
			isa = PBXGroup;
			children = (
				E8EBE5BD22EF8DCD00B59FD3 /* SignUpLogInViewController.swift */,
				E8EBE5C022EF907300B59FD3 /* SignUpViewController.swift */,
				E8EBE5C322EF94BF00B59FD3 /* LogInViewController.swift */,
			);
			path = SignSignUp;
			sourceTree = "<group>";
		};
		E8EBE5C222EF90BA00B59FD3 /* Resources */ = {
			isa = PBXGroup;
			children = (
				E8EBE58A22EF5D4800B59FD3 /* Main.storyboard */,
				E8EBE58F22EF5D4A00B59FD3 /* LaunchScreen.storyboard */,
				E8EBE59222EF5D4A00B59FD3 /* Info.plist */,
				E8F2640C22F0B8600074C4C3 /* GoogleService-Info.plist */,
				E8B0295A22F4A276003AC0F8 /* Assets.xcassets */,
			);
			path = Resources;
			sourceTree = "<group>";
		};
		E8F2640B22F0B7780074C4C3 /* Nav View Controllers */ = {
			isa = PBXGroup;
			children = (
				E8EBE59822EF5E1F00B59FD3 /* CapesViewController.swift */,
				E8F2641822F163140074C4C3 /* WorkSpacesTableViewController.swift */,
				E8F2641A22F1F9AF0074C4C3 /* WorkSpaceDetailViewController.swift */,
				E8F2641E22F29F640074C4C3 /* ProfileViewController.swift */,
				E8F2642022F34FBC0074C4C3 /* EditSettingsViewController.swift */,
				E8B0295622F36EB1003AC0F8 /* HostWorspaceApplicationViewController.swift */,
				E8F2641522F145D70074C4C3 /* Views */,
			);
			path = "Nav View Controllers";
			sourceTree = "<group>";
		};
		E8F2641222F0D0230074C4C3 /* Models */ = {
			isa = PBXGroup;
			children = (
				E8F2641022F0CFED0074C4C3 /* WorkSpace.swift */,
				E8F2641622F149180074C4C3 /* User.swift */,
				E8B0295822F38CC4003AC0F8 /* Space.swift */,
			);
			path = Models;
			sourceTree = "<group>";
		};
		E8F2641522F145D70074C4C3 /* Views */ = {
			isa = PBXGroup;
			children = (
				E8F2641C22F26ED10074C4C3 /* WorkSpaceAnnotation.swift */,
				E8F2640E22F0BC8C0074C4C3 /* WorkspaceTableViewCell.swift */,
			);
			path = Views;
			sourceTree = "<group>";
		};
/* End PBXGroup section */

/* Begin PBXNativeTarget section */
		E8EBE58222EF5D4800B59FD3 /* Capes */ = {
			isa = PBXNativeTarget;
			buildConfigurationList = E8EBE59522EF5D4A00B59FD3 /* Build configuration list for PBXNativeTarget "Capes" */;
			buildPhases = (
				0387E432348A0351BCFF6142 /* [CP] Check Pods Manifest.lock */,
				E8EBE57F22EF5D4800B59FD3 /* Sources */,
				E8EBE58022EF5D4800B59FD3 /* Frameworks */,
				E8EBE58122EF5D4800B59FD3 /* Resources */,
				ADD77569B2273DFE10388F0E /* [CP] Embed Pods Frameworks */,
				B3D8AEA8747753DEBDDB3D4A /* [CP] Copy Pods Resources */,
			);
			buildRules = (
			);
			dependencies = (
			);
			name = Capes;
			productName = Capes;
			productReference = E8EBE58322EF5D4800B59FD3 /* Capes.app */;
			productType = "com.apple.product-type.application";
		};
/* End PBXNativeTarget section */

/* Begin PBXProject section */
		E8EBE57B22EF5D4800B59FD3 /* Project object */ = {
			isa = PBXProject;
			attributes = {
				LastSwiftUpdateCheck = 1030;
				LastUpgradeCheck = 1030;
				ORGANIZATIONNAME = "Hector Steven";
				TargetAttributes = {
					E8EBE58222EF5D4800B59FD3 = {
						CreatedOnToolsVersion = 10.3;
					};
				};
			};
			buildConfigurationList = E8EBE57E22EF5D4800B59FD3 /* Build configuration list for PBXProject "Capes" */;
			compatibilityVersion = "Xcode 9.3";
			developmentRegion = en;
			hasScannedForEncodings = 0;
			knownRegions = (
				en,
				Base,
			);
			mainGroup = E8EBE57A22EF5D4800B59FD3;
			productRefGroup = E8EBE58422EF5D4800B59FD3 /* Products */;
			projectDirPath = "";
			projectRoot = "";
			targets = (
				E8EBE58222EF5D4800B59FD3 /* Capes */,
			);
		};
/* End PBXProject section */

/* Begin PBXResourcesBuildPhase section */
		E8EBE58122EF5D4800B59FD3 /* Resources */ = {
			isa = PBXResourcesBuildPhase;
			buildActionMask = 2147483647;
			files = (
				E8EBE59122EF5D4A00B59FD3 /* LaunchScreen.storyboard in Resources */,
				E8F2640D22F0B8600074C4C3 /* GoogleService-Info.plist in Resources */,
				E8B0295B22F4A276003AC0F8 /* Assets.xcassets in Resources */,
				E8EBE58C22EF5D4800B59FD3 /* Main.storyboard in Resources */,
			);
			runOnlyForDeploymentPostprocessing = 0;
		};
/* End PBXResourcesBuildPhase section */

/* Begin PBXShellScriptBuildPhase section */
		0387E432348A0351BCFF6142 /* [CP] Check Pods Manifest.lock */ = {
			isa = PBXShellScriptBuildPhase;
			buildActionMask = 2147483647;
			files = (
			);
			inputFileListPaths = (
			);
			inputPaths = (
				"${PODS_PODFILE_DIR_PATH}/Podfile.lock",
				"${PODS_ROOT}/Manifest.lock",
			);
			name = "[CP] Check Pods Manifest.lock";
			outputFileListPaths = (
			);
			outputPaths = (
				"$(DERIVED_FILE_DIR)/Pods-Capes-checkManifestLockResult.txt",
			);
			runOnlyForDeploymentPostprocessing = 0;
			shellPath = /bin/sh;
			shellScript = "diff \"${PODS_PODFILE_DIR_PATH}/Podfile.lock\" \"${PODS_ROOT}/Manifest.lock\" > /dev/null\nif [ $? != 0 ] ; then\n    # print error to STDERR\n    echo \"error: The sandbox is not in sync with the Podfile.lock. Run 'pod install' or update your CocoaPods installation.\" >&2\n    exit 1\nfi\n# This output is used by Xcode 'outputs' to avoid re-running this script phase.\necho \"SUCCESS\" > \"${SCRIPT_OUTPUT_FILE_0}\"\n";
			showEnvVarsInLog = 0;
		};
		ADD77569B2273DFE10388F0E /* [CP] Embed Pods Frameworks */ = {
			isa = PBXShellScriptBuildPhase;
			buildActionMask = 2147483647;
			files = (
			);
			inputFileListPaths = (
			);
			inputPaths = (
				"${PODS_ROOT}/Target Support Files/Pods-Capes/Pods-Capes-frameworks.sh",
				"${BUILT_PRODUCTS_DIR}/BoringSSL-GRPC/openssl_grpc.framework",
				"${BUILT_PRODUCTS_DIR}/GTMSessionFetcher/GTMSessionFetcher.framework",
				"${BUILT_PRODUCTS_DIR}/GoogleToolboxForMac/GoogleToolboxForMac.framework",
				"${BUILT_PRODUCTS_DIR}/GoogleUtilities/GoogleUtilities.framework",
				"${BUILT_PRODUCTS_DIR}/Protobuf/Protobuf.framework",
				"${BUILT_PRODUCTS_DIR}/gRPC-C++/grpcpp.framework",
				"${BUILT_PRODUCTS_DIR}/gRPC-Core/grpc.framework",
				"${BUILT_PRODUCTS_DIR}/leveldb-library/leveldb.framework",
				"${BUILT_PRODUCTS_DIR}/nanopb/nanopb.framework",
			);
			name = "[CP] Embed Pods Frameworks";
			outputFileListPaths = (
			);
			outputPaths = (
				"${TARGET_BUILD_DIR}/${FRAMEWORKS_FOLDER_PATH}/openssl_grpc.framework",
				"${TARGET_BUILD_DIR}/${FRAMEWORKS_FOLDER_PATH}/GTMSessionFetcher.framework",
				"${TARGET_BUILD_DIR}/${FRAMEWORKS_FOLDER_PATH}/GoogleToolboxForMac.framework",
				"${TARGET_BUILD_DIR}/${FRAMEWORKS_FOLDER_PATH}/GoogleUtilities.framework",
				"${TARGET_BUILD_DIR}/${FRAMEWORKS_FOLDER_PATH}/Protobuf.framework",
				"${TARGET_BUILD_DIR}/${FRAMEWORKS_FOLDER_PATH}/grpcpp.framework",
				"${TARGET_BUILD_DIR}/${FRAMEWORKS_FOLDER_PATH}/grpc.framework",
				"${TARGET_BUILD_DIR}/${FRAMEWORKS_FOLDER_PATH}/leveldb.framework",
				"${TARGET_BUILD_DIR}/${FRAMEWORKS_FOLDER_PATH}/nanopb.framework",
			);
			runOnlyForDeploymentPostprocessing = 0;
			shellPath = /bin/sh;
			shellScript = "\"${PODS_ROOT}/Target Support Files/Pods-Capes/Pods-Capes-frameworks.sh\"\n";
			showEnvVarsInLog = 0;
		};
		B3D8AEA8747753DEBDDB3D4A /* [CP] Copy Pods Resources */ = {
			isa = PBXShellScriptBuildPhase;
			buildActionMask = 2147483647;
			files = (
			);
			inputFileListPaths = (
			);
			inputPaths = (
				"${PODS_ROOT}/Target Support Files/Pods-Capes/Pods-Capes-resources.sh",
				"${PODS_ROOT}/GoogleSignIn/Resources/GoogleSignIn.bundle",
			);
			name = "[CP] Copy Pods Resources";
			outputFileListPaths = (
			);
			outputPaths = (
				"${TARGET_BUILD_DIR}/${UNLOCALIZED_RESOURCES_FOLDER_PATH}/GoogleSignIn.bundle",
			);
			runOnlyForDeploymentPostprocessing = 0;
			shellPath = /bin/sh;
			shellScript = "\"${PODS_ROOT}/Target Support Files/Pods-Capes/Pods-Capes-resources.sh\"\n";
			showEnvVarsInLog = 0;
		};
/* End PBXShellScriptBuildPhase section */

/* Begin PBXSourcesBuildPhase section */
		E8EBE57F22EF5D4800B59FD3 /* Sources */ = {
			isa = PBXSourcesBuildPhase;
			buildActionMask = 2147483647;
			files = (
				E8F2641922F163140074C4C3 /* WorkSpacesTableViewController.swift in Sources */,
				E8F2642122F34FBC0074C4C3 /* EditSettingsViewController.swift in Sources */,
				E8F2641D22F26ED10074C4C3 /* WorkSpaceAnnotation.swift in Sources */,
				E8EBE5BE22EF8DCD00B59FD3 /* SignUpLogInViewController.swift in Sources */,
				E8EBE5C422EF94BF00B59FD3 /* LogInViewController.swift in Sources */,
				E8F2641F22F29F640074C4C3 /* ProfileViewController.swift in Sources */,
				E8B0295922F38CC4003AC0F8 /* Space.swift in Sources */,
				E8EBE58722EF5D4800B59FD3 /* AppDelegate.swift in Sources */,
				E8A05D0E22F023DA00B19C3D /* CapesController.swift in Sources */,
				E8EBE59922EF5E1F00B59FD3 /* CapesViewController.swift in Sources */,
				E8EBE5C122EF907300B59FD3 /* SignUpViewController.swift in Sources */,
				E8F2641122F0CFEE0074C4C3 /* WorkSpace.swift in Sources */,
				E8B0295722F36EB1003AC0F8 /* HostWorspaceApplicationViewController.swift in Sources */,
				E8F2641422F0E3F10074C4C3 /* FireStoreReferenceManager.swift in Sources */,
				E8F2640F22F0BC8C0074C4C3 /* WorkspaceTableViewCell.swift in Sources */,
				E8F2641722F149180074C4C3 /* User.swift in Sources */,
				E8F2641B22F1F9AF0074C4C3 /* WorkSpaceDetailViewController.swift in Sources */,
			);
			runOnlyForDeploymentPostprocessing = 0;
		};
/* End PBXSourcesBuildPhase section */

/* Begin PBXVariantGroup section */
		E8EBE58A22EF5D4800B59FD3 /* Main.storyboard */ = {
			isa = PBXVariantGroup;
			children = (
				E8EBE58B22EF5D4800B59FD3 /* Base */,
			);
			name = Main.storyboard;
			sourceTree = "<group>";
		};
		E8EBE58F22EF5D4A00B59FD3 /* LaunchScreen.storyboard */ = {
			isa = PBXVariantGroup;
			children = (
				E8EBE59022EF5D4A00B59FD3 /* Base */,
			);
			name = LaunchScreen.storyboard;
			sourceTree = "<group>";
		};
/* End PBXVariantGroup section */

/* Begin XCBuildConfiguration section */
		E8EBE59322EF5D4A00B59FD3 /* Debug */ = {
			isa = XCBuildConfiguration;
			buildSettings = {
				ALWAYS_SEARCH_USER_PATHS = NO;
				CLANG_ANALYZER_NONNULL = YES;
				CLANG_ANALYZER_NUMBER_OBJECT_CONVERSION = YES_AGGRESSIVE;
				CLANG_CXX_LANGUAGE_STANDARD = "gnu++14";
				CLANG_CXX_LIBRARY = "libc++";
				CLANG_ENABLE_MODULES = YES;
				CLANG_ENABLE_OBJC_ARC = YES;
				CLANG_ENABLE_OBJC_WEAK = YES;
				CLANG_WARN_BLOCK_CAPTURE_AUTORELEASING = YES;
				CLANG_WARN_BOOL_CONVERSION = YES;
				CLANG_WARN_COMMA = YES;
				CLANG_WARN_CONSTANT_CONVERSION = YES;
				CLANG_WARN_DEPRECATED_OBJC_IMPLEMENTATIONS = YES;
				CLANG_WARN_DIRECT_OBJC_ISA_USAGE = YES_ERROR;
				CLANG_WARN_DOCUMENTATION_COMMENTS = YES;
				CLANG_WARN_EMPTY_BODY = YES;
				CLANG_WARN_ENUM_CONVERSION = YES;
				CLANG_WARN_INFINITE_RECURSION = YES;
				CLANG_WARN_INT_CONVERSION = YES;
				CLANG_WARN_NON_LITERAL_NULL_CONVERSION = YES;
				CLANG_WARN_OBJC_IMPLICIT_RETAIN_SELF = YES;
				CLANG_WARN_OBJC_LITERAL_CONVERSION = YES;
				CLANG_WARN_OBJC_ROOT_CLASS = YES_ERROR;
				CLANG_WARN_RANGE_LOOP_ANALYSIS = YES;
				CLANG_WARN_STRICT_PROTOTYPES = YES;
				CLANG_WARN_SUSPICIOUS_MOVE = YES;
				CLANG_WARN_UNGUARDED_AVAILABILITY = YES_AGGRESSIVE;
				CLANG_WARN_UNREACHABLE_CODE = YES;
				CLANG_WARN__DUPLICATE_METHOD_MATCH = YES;
				CODE_SIGN_IDENTITY = "iPhone Developer";
				COPY_PHASE_STRIP = NO;
				DEBUG_INFORMATION_FORMAT = dwarf;
				ENABLE_STRICT_OBJC_MSGSEND = YES;
				ENABLE_TESTABILITY = YES;
				GCC_C_LANGUAGE_STANDARD = gnu11;
				GCC_DYNAMIC_NO_PIC = NO;
				GCC_NO_COMMON_BLOCKS = YES;
				GCC_OPTIMIZATION_LEVEL = 0;
				GCC_PREPROCESSOR_DEFINITIONS = (
					"DEBUG=1",
					"$(inherited)",
				);
				GCC_WARN_64_TO_32_BIT_CONVERSION = YES;
				GCC_WARN_ABOUT_RETURN_TYPE = YES_ERROR;
				GCC_WARN_UNDECLARED_SELECTOR = YES;
				GCC_WARN_UNINITIALIZED_AUTOS = YES_AGGRESSIVE;
				GCC_WARN_UNUSED_FUNCTION = YES;
				GCC_WARN_UNUSED_VARIABLE = YES;
				IPHONEOS_DEPLOYMENT_TARGET = 12.4;
				MTL_ENABLE_DEBUG_INFO = INCLUDE_SOURCE;
				MTL_FAST_MATH = YES;
				ONLY_ACTIVE_ARCH = YES;
				SDKROOT = iphoneos;
				SWIFT_ACTIVE_COMPILATION_CONDITIONS = DEBUG;
				SWIFT_OPTIMIZATION_LEVEL = "-Onone";
			};
			name = Debug;
		};
		E8EBE59422EF5D4A00B59FD3 /* Release */ = {
			isa = XCBuildConfiguration;
			buildSettings = {
				ALWAYS_SEARCH_USER_PATHS = NO;
				CLANG_ANALYZER_NONNULL = YES;
				CLANG_ANALYZER_NUMBER_OBJECT_CONVERSION = YES_AGGRESSIVE;
				CLANG_CXX_LANGUAGE_STANDARD = "gnu++14";
				CLANG_CXX_LIBRARY = "libc++";
				CLANG_ENABLE_MODULES = YES;
				CLANG_ENABLE_OBJC_ARC = YES;
				CLANG_ENABLE_OBJC_WEAK = YES;
				CLANG_WARN_BLOCK_CAPTURE_AUTORELEASING = YES;
				CLANG_WARN_BOOL_CONVERSION = YES;
				CLANG_WARN_COMMA = YES;
				CLANG_WARN_CONSTANT_CONVERSION = YES;
				CLANG_WARN_DEPRECATED_OBJC_IMPLEMENTATIONS = YES;
				CLANG_WARN_DIRECT_OBJC_ISA_USAGE = YES_ERROR;
				CLANG_WARN_DOCUMENTATION_COMMENTS = YES;
				CLANG_WARN_EMPTY_BODY = YES;
				CLANG_WARN_ENUM_CONVERSION = YES;
				CLANG_WARN_INFINITE_RECURSION = YES;
				CLANG_WARN_INT_CONVERSION = YES;
				CLANG_WARN_NON_LITERAL_NULL_CONVERSION = YES;
				CLANG_WARN_OBJC_IMPLICIT_RETAIN_SELF = YES;
				CLANG_WARN_OBJC_LITERAL_CONVERSION = YES;
				CLANG_WARN_OBJC_ROOT_CLASS = YES_ERROR;
				CLANG_WARN_RANGE_LOOP_ANALYSIS = YES;
				CLANG_WARN_STRICT_PROTOTYPES = YES;
				CLANG_WARN_SUSPICIOUS_MOVE = YES;
				CLANG_WARN_UNGUARDED_AVAILABILITY = YES_AGGRESSIVE;
				CLANG_WARN_UNREACHABLE_CODE = YES;
				CLANG_WARN__DUPLICATE_METHOD_MATCH = YES;
				CODE_SIGN_IDENTITY = "iPhone Developer";
				COPY_PHASE_STRIP = NO;
				DEBUG_INFORMATION_FORMAT = "dwarf-with-dsym";
				ENABLE_NS_ASSERTIONS = NO;
				ENABLE_STRICT_OBJC_MSGSEND = YES;
				GCC_C_LANGUAGE_STANDARD = gnu11;
				GCC_NO_COMMON_BLOCKS = YES;
				GCC_WARN_64_TO_32_BIT_CONVERSION = YES;
				GCC_WARN_ABOUT_RETURN_TYPE = YES_ERROR;
				GCC_WARN_UNDECLARED_SELECTOR = YES;
				GCC_WARN_UNINITIALIZED_AUTOS = YES_AGGRESSIVE;
				GCC_WARN_UNUSED_FUNCTION = YES;
				GCC_WARN_UNUSED_VARIABLE = YES;
				IPHONEOS_DEPLOYMENT_TARGET = 12.4;
				MTL_ENABLE_DEBUG_INFO = NO;
				MTL_FAST_MATH = YES;
				SDKROOT = iphoneos;
				SWIFT_COMPILATION_MODE = wholemodule;
				SWIFT_OPTIMIZATION_LEVEL = "-O";
				VALIDATE_PRODUCT = YES;
			};
			name = Release;
		};
		E8EBE59622EF5D4A00B59FD3 /* Debug */ = {
			isa = XCBuildConfiguration;
			baseConfigurationReference = 8B8FAA653E59AD299F9DBBFB /* Pods-Capes.debug.xcconfig */;
			buildSettings = {
				ASSETCATALOG_COMPILER_APPICON_NAME = AppIcon;
				CODE_SIGN_STYLE = Automatic;
				DEVELOPMENT_TEAM = 97AS6JS382;
				INFOPLIST_FILE = "$(SRCROOT)/Capes/Resources/Info.plist";
				IPHONEOS_DEPLOYMENT_TARGET = 12.0;
				LD_RUNPATH_SEARCH_PATHS = (
					"$(inherited)",
					"@executable_path/Frameworks",
				);
				PRODUCT_BUNDLE_IDENTIFIER = com.hvillasa.Capes;
				PRODUCT_NAME = "$(TARGET_NAME)";
				SWIFT_VERSION = 5.0;
				TARGETED_DEVICE_FAMILY = 1;
			};
			name = Debug;
		};
		E8EBE59722EF5D4A00B59FD3 /* Release */ = {
			isa = XCBuildConfiguration;
			baseConfigurationReference = 79FCAFBBC01712076E9175AC /* Pods-Capes.release.xcconfig */;
			buildSettings = {
				ASSETCATALOG_COMPILER_APPICON_NAME = AppIcon;
				CODE_SIGN_STYLE = Automatic;
				DEVELOPMENT_TEAM = 97AS6JS382;
				INFOPLIST_FILE = "$(SRCROOT)/Capes/Resources/Info.plist";
				IPHONEOS_DEPLOYMENT_TARGET = 12.0;
				LD_RUNPATH_SEARCH_PATHS = (
					"$(inherited)",
					"@executable_path/Frameworks",
				);
				PRODUCT_BUNDLE_IDENTIFIER = com.hvillasa.Capes;
				PRODUCT_NAME = "$(TARGET_NAME)";
				SWIFT_VERSION = 5.0;
				TARGETED_DEVICE_FAMILY = 1;
			};
			name = Release;
		};
/* End XCBuildConfiguration section */

/* Begin XCConfigurationList section */
		E8EBE57E22EF5D4800B59FD3 /* Build configuration list for PBXProject "Capes" */ = {
			isa = XCConfigurationList;
			buildConfigurations = (
				E8EBE59322EF5D4A00B59FD3 /* Debug */,
				E8EBE59422EF5D4A00B59FD3 /* Release */,
			);
			defaultConfigurationIsVisible = 0;
			defaultConfigurationName = Release;
		};
		E8EBE59522EF5D4A00B59FD3 /* Build configuration list for PBXNativeTarget "Capes" */ = {
			isa = XCConfigurationList;
			buildConfigurations = (
				E8EBE59622EF5D4A00B59FD3 /* Debug */,
				E8EBE59722EF5D4A00B59FD3 /* Release */,
			);
			defaultConfigurationIsVisible = 0;
			defaultConfigurationName = Release;
		};
/* End XCConfigurationList section */
	};
	rootObject = E8EBE57B22EF5D4800B59FD3 /* Project object */;
}
